
Microsoft Visual Studio Solution File, Format Version 12.00
# Visual Studio Version 17
VisualStudioVersion = 17.1.32319.34
MinimumVisualStudioVersion = 10.0.40219.1
Project("{FAE04EC0-301F-11D3-BF4B-00C04F79EFBC}") = "TodoListBlazorWasm", "TodoListBlazorWasm\TodoListBlazorWasm.csproj", "{8473F497-FC91-4435-8960-2523ED178EE2}"
EndProject
Global
	GlobalSection(SolutionConfigurationPlatforms) = preSolution
		Debug|Any CPU = Debug|Any CPU
		Release|Any CPU = Release|Any CPU
	EndGlobalSection
	GlobalSection(ProjectConfigurationPlatforms) = postSolution
		{8473F497-FC91-4435-8960-2523ED178EE2}.Debug|Any CPU.ActiveCfg = Debug|Any CPU
		{8473F497-FC91-4435-8960-2523ED178EE2}.Debug|Any CPU.Build.0 = Debug|Any CPU
		{8473F497-FC91-4435-8960-2523ED178EE2}.Release|Any CPU.ActiveCfg = Release|Any CPU
		{8473F497-FC91-4435-8960-2523ED178EE2}.Release|Any CPU.Build.0 = Release|Any CPU
	EndGlobalSection
	GlobalSection(SolutionProperties) = preSolution
		HideSolutionNode = FALSE
	EndGlobalSection
	GlobalSection(ExtensibilityGlobals) = postSolution
		SolutionGuid = {BC4A5B0E-EEBC-4BAE-A6F0-6B7210AC0FD6}
	EndGlobalSection
EndGlobal
